
Microsoft Visual Studio Solution File, Format Version 12.00
# Visual Studio Version 16
VisualStudioVersion = 16.0.29920.165
MinimumVisualStudioVersion = 15.0.26124.0
Project("{9A19103F-16F7-4668-BE54-9A1E7A4F7556}") = "InterviewCake.Arrays", "InterviewCake.Arrays\InterviewCake.Arrays.csproj", "{515D6037-F6D5-41D2-BA2C-FFBF171010F2}"
EndProject
Project("{9A19103F-16F7-4668-BE54-9A1E7A4F7556}") = "InterviewCake.Tests", "InterviewCake.Tests\InterviewCake.Tests.csproj", "{11D33C42-93E4-4C71-A08A-8C22588CBD89}"
EndProject
Project("{9A19103F-16F7-4668-BE54-9A1E7A4F7556}") = "InterviewCake.Scratch", "InterviewCake.Scratch\InterviewCake.Scratch.csproj", "{F0A98228-556F-4235-AC25-CA56F18851F8}"
EndProject
Project("{9A19103F-16F7-4668-BE54-9A1E7A4F7556}") = "LeetCode.Arrays", "LeetCode.Arrays\LeetCode.Arrays.csproj", "{EF42C3B7-A888-49E9-B378-3AC4644FBCFC}"
EndProject
Project("{9A19103F-16F7-4668-BE54-9A1E7A4F7556}") = "LeetCode.Tests", "LeetCode.Tests\LeetCode.Tests.csproj", "{C3A25174-A9FB-4F28-A34A-ABA57DA30E12}"
EndProject
Project("{2150E333-8FDC-42A3-9474-1A3956D46DE8}") = "Tests", "Tests", "{41087CA0-7A11-4D98-B1C2-9F2E284B3B32}"
EndProject
Project("{9A19103F-16F7-4668-BE54-9A1E7A4F7556}") = "BitManipulation", "BitManipulation\BitManipulation.csproj", "{E8506468-A5D2-44EA-83B7-AE0CE457550D}"
EndProject
Project("{9A19103F-16F7-4668-BE54-9A1E7A4F7556}") = "BitManipulation.Tests", "BitManipulation.Tests\BitManipulation.Tests.csproj", "{129219A3-50E6-442F-9E95-0B749A1A9015}"
EndProject
Project("{9A19103F-16F7-4668-BE54-9A1E7A4F7556}") = "Matrixes", "Matrixes\Matrixes.csproj", "{CC582D6E-1A78-450D-9130-4FEDF234D74D}"
EndProject
Project("{9A19103F-16F7-4668-BE54-9A1E7A4F7556}") = "Matrixes.Tests", "Matrixes.Tests\Matrixes.Tests.csproj", "{6AE02378-2595-4C9D-8D99-B89A0682FBBA}"
EndProject
Project("{9A19103F-16F7-4668-BE54-9A1E7A4F7556}") = "LinkedLists", "LinkedLists\LinkedLists.csproj", "{83E6A1F8-CF6F-4411-A27B-81CE97294076}"
EndProject
Project("{9A19103F-16F7-4668-BE54-9A1E7A4F7556}") = "LinkedLists.Tests", "LinkedLists.Tests\LinkedLists.Tests.csproj", "{17E04FC2-7539-4CF1-A8CB-5AD4F4938E1C}"
EndProject
Global
	GlobalSection(SolutionConfigurationPlatforms) = preSolution
		Debug|Any CPU = Debug|Any CPU
		Debug|x64 = Debug|x64
		Debug|x86 = Debug|x86
		Release|Any CPU = Release|Any CPU
		Release|x64 = Release|x64
		Release|x86 = Release|x86
	EndGlobalSection
	GlobalSection(ProjectConfigurationPlatforms) = postSolution
		{515D6037-F6D5-41D2-BA2C-FFBF171010F2}.Debug|Any CPU.ActiveCfg = Debug|Any CPU
		{515D6037-F6D5-41D2-BA2C-FFBF171010F2}.Debug|Any CPU.Build.0 = Debug|Any CPU
		{515D6037-F6D5-41D2-BA2C-FFBF171010F2}.Debug|x64.ActiveCfg = Debug|Any CPU
		{515D6037-F6D5-41D2-BA2C-FFBF171010F2}.Debug|x64.Build.0 = Debug|Any CPU
		{515D6037-F6D5-41D2-BA2C-FFBF171010F2}.Debug|x86.ActiveCfg = Debug|Any CPU
		{515D6037-F6D5-41D2-BA2C-FFBF171010F2}.Debug|x86.Build.0 = Debug|Any CPU
		{515D6037-F6D5-41D2-BA2C-FFBF171010F2}.Release|Any CPU.ActiveCfg = Release|Any CPU
		{515D6037-F6D5-41D2-BA2C-FFBF171010F2}.Release|Any CPU.Build.0 = Release|Any CPU
		{515D6037-F6D5-41D2-BA2C-FFBF171010F2}.Release|x64.ActiveCfg = Release|Any CPU
		{515D6037-F6D5-41D2-BA2C-FFBF171010F2}.Release|x64.Build.0 = Release|Any CPU
		{515D6037-F6D5-41D2-BA2C-FFBF171010F2}.Release|x86.ActiveCfg = Release|Any CPU
		{515D6037-F6D5-41D2-BA2C-FFBF171010F2}.Release|x86.Build.0 = Release|Any CPU
		{11D33C42-93E4-4C71-A08A-8C22588CBD89}.Debug|Any CPU.ActiveCfg = Debug|Any CPU
		{11D33C42-93E4-4C71-A08A-8C22588CBD89}.Debug|Any CPU.Build.0 = Debug|Any CPU
		{11D33C42-93E4-4C71-A08A-8C22588CBD89}.Debug|x64.ActiveCfg = Debug|Any CPU
		{11D33C42-93E4-4C71-A08A-8C22588CBD89}.Debug|x64.Build.0 = Debug|Any CPU
		{11D33C42-93E4-4C71-A08A-8C22588CBD89}.Debug|x86.ActiveCfg = Debug|Any CPU
		{11D33C42-93E4-4C71-A08A-8C22588CBD89}.Debug|x86.Build.0 = Debug|Any CPU
		{11D33C42-93E4-4C71-A08A-8C22588CBD89}.Release|Any CPU.ActiveCfg = Release|Any CPU
		{11D33C42-93E4-4C71-A08A-8C22588CBD89}.Release|Any CPU.Build.0 = Release|Any CPU
		{11D33C42-93E4-4C71-A08A-8C22588CBD89}.Release|x64.ActiveCfg = Release|Any CPU
		{11D33C42-93E4-4C71-A08A-8C22588CBD89}.Release|x64.Build.0 = Release|Any CPU
		{11D33C42-93E4-4C71-A08A-8C22588CBD89}.Release|x86.ActiveCfg = Release|Any CPU
		{11D33C42-93E4-4C71-A08A-8C22588CBD89}.Release|x86.Build.0 = Release|Any CPU
		{F0A98228-556F-4235-AC25-CA56F18851F8}.Debug|Any CPU.ActiveCfg = Debug|Any CPU
		{F0A98228-556F-4235-AC25-CA56F18851F8}.Debug|Any CPU.Build.0 = Debug|Any CPU
		{F0A98228-556F-4235-AC25-CA56F18851F8}.Debug|x64.ActiveCfg = Debug|Any CPU
		{F0A98228-556F-4235-AC25-CA56F18851F8}.Debug|x64.Build.0 = Debug|Any CPU
		{F0A98228-556F-4235-AC25-CA56F18851F8}.Debug|x86.ActiveCfg = Debug|Any CPU
		{F0A98228-556F-4235-AC25-CA56F18851F8}.Debug|x86.Build.0 = Debug|Any CPU
		{F0A98228-556F-4235-AC25-CA56F18851F8}.Release|Any CPU.ActiveCfg = Release|Any CPU
		{F0A98228-556F-4235-AC25-CA56F18851F8}.Release|Any CPU.Build.0 = Release|Any CPU
		{F0A98228-556F-4235-AC25-CA56F18851F8}.Release|x64.ActiveCfg = Release|Any CPU
		{F0A98228-556F-4235-AC25-CA56F18851F8}.Release|x64.Build.0 = Release|Any CPU
		{F0A98228-556F-4235-AC25-CA56F18851F8}.Release|x86.ActiveCfg = Release|Any CPU
		{F0A98228-556F-4235-AC25-CA56F18851F8}.Release|x86.Build.0 = Release|Any CPU
		{EF42C3B7-A888-49E9-B378-3AC4644FBCFC}.Debug|Any CPU.ActiveCfg = Debug|Any CPU
		{EF42C3B7-A888-49E9-B378-3AC4644FBCFC}.Debug|Any CPU.Build.0 = Debug|Any CPU
		{EF42C3B7-A888-49E9-B378-3AC4644FBCFC}.Debug|x64.ActiveCfg = Debug|Any CPU
		{EF42C3B7-A888-49E9-B378-3AC4644FBCFC}.Debug|x64.Build.0 = Debug|Any CPU
		{EF42C3B7-A888-49E9-B378-3AC4644FBCFC}.Debug|x86.ActiveCfg = Debug|Any CPU
		{EF42C3B7-A888-49E9-B378-3AC4644FBCFC}.Debug|x86.Build.0 = Debug|Any CPU
		{EF42C3B7-A888-49E9-B378-3AC4644FBCFC}.Release|Any CPU.ActiveCfg = Release|Any CPU
		{EF42C3B7-A888-49E9-B378-3AC4644FBCFC}.Release|Any CPU.Build.0 = Release|Any CPU
		{EF42C3B7-A888-49E9-B378-3AC4644FBCFC}.Release|x64.ActiveCfg = Release|Any CPU
		{EF42C3B7-A888-49E9-B378-3AC4644FBCFC}.Release|x64.Build.0 = Release|Any CPU
		{EF42C3B7-A888-49E9-B378-3AC4644FBCFC}.Release|x86.ActiveCfg = Release|Any CPU
		{EF42C3B7-A888-49E9-B378-3AC4644FBCFC}.Release|x86.Build.0 = Release|Any CPU
		{C3A25174-A9FB-4F28-A34A-ABA57DA30E12}.Debug|Any CPU.ActiveCfg = Debug|Any CPU
		{C3A25174-A9FB-4F28-A34A-ABA57DA30E12}.Debug|Any CPU.Build.0 = Debug|Any CPU
		{C3A25174-A9FB-4F28-A34A-ABA57DA30E12}.Debug|x64.ActiveCfg = Debug|Any CPU
		{C3A25174-A9FB-4F28-A34A-ABA57DA30E12}.Debug|x64.Build.0 = Debug|Any CPU
		{C3A25174-A9FB-4F28-A34A-ABA57DA30E12}.Debug|x86.ActiveCfg = Debug|Any CPU
		{C3A25174-A9FB-4F28-A34A-ABA57DA30E12}.Debug|x86.Build.0 = Debug|Any CPU
		{C3A25174-A9FB-4F28-A34A-ABA57DA30E12}.Release|Any CPU.ActiveCfg = Release|Any CPU
		{C3A25174-A9FB-4F28-A34A-ABA57DA30E12}.Release|Any CPU.Build.0 = Release|Any CPU
		{C3A25174-A9FB-4F28-A34A-ABA57DA30E12}.Release|x64.ActiveCfg = Release|Any CPU
		{C3A25174-A9FB-4F28-A34A-ABA57DA30E12}.Release|x64.Build.0 = Release|Any CPU
		{C3A25174-A9FB-4F28-A34A-ABA57DA30E12}.Release|x86.ActiveCfg = Release|Any CPU
		{C3A25174-A9FB-4F28-A34A-ABA57DA30E12}.Release|x86.Build.0 = Release|Any CPU
		{E8506468-A5D2-44EA-83B7-AE0CE457550D}.Debug|Any CPU.ActiveCfg = Debug|Any CPU
		{E8506468-A5D2-44EA-83B7-AE0CE457550D}.Debug|Any CPU.Build.0 = Debug|Any CPU
		{E8506468-A5D2-44EA-83B7-AE0CE457550D}.Debug|x64.ActiveCfg = Debug|Any CPU
		{E8506468-A5D2-44EA-83B7-AE0CE457550D}.Debug|x64.Build.0 = Debug|Any CPU
		{E8506468-A5D2-44EA-83B7-AE0CE457550D}.Debug|x86.ActiveCfg = Debug|Any CPU
		{E8506468-A5D2-44EA-83B7-AE0CE457550D}.Debug|x86.Build.0 = Debug|Any CPU
		{E8506468-A5D2-44EA-83B7-AE0CE457550D}.Release|Any CPU.ActiveCfg = Release|Any CPU
		{E8506468-A5D2-44EA-83B7-AE0CE457550D}.Release|Any CPU.Build.0 = Release|Any CPU
		{E8506468-A5D2-44EA-83B7-AE0CE457550D}.Release|x64.ActiveCfg = Release|Any CPU
		{E8506468-A5D2-44EA-83B7-AE0CE457550D}.Release|x64.Build.0 = Release|Any CPU
		{E8506468-A5D2-44EA-83B7-AE0CE457550D}.Release|x86.ActiveCfg = Release|Any CPU
		{E8506468-A5D2-44EA-83B7-AE0CE457550D}.Release|x86.Build.0 = Release|Any CPU
		{129219A3-50E6-442F-9E95-0B749A1A9015}.Debug|Any CPU.ActiveCfg = Debug|Any CPU
		{129219A3-50E6-442F-9E95-0B749A1A9015}.Debug|Any CPU.Build.0 = Debug|Any CPU
		{129219A3-50E6-442F-9E95-0B749A1A9015}.Debug|x64.ActiveCfg = Debug|Any CPU
		{129219A3-50E6-442F-9E95-0B749A1A9015}.Debug|x64.Build.0 = Debug|Any CPU
		{129219A3-50E6-442F-9E95-0B749A1A9015}.Debug|x86.ActiveCfg = Debug|Any CPU
		{129219A3-50E6-442F-9E95-0B749A1A9015}.Debug|x86.Build.0 = Debug|Any CPU
		{129219A3-50E6-442F-9E95-0B749A1A9015}.Release|Any CPU.ActiveCfg = Release|Any CPU
		{129219A3-50E6-442F-9E95-0B749A1A9015}.Release|Any CPU.Build.0 = Release|Any CPU
		{129219A3-50E6-442F-9E95-0B749A1A9015}.Release|x64.ActiveCfg = Release|Any CPU
		{129219A3-50E6-442F-9E95-0B749A1A9015}.Release|x64.Build.0 = Release|Any CPU
		{129219A3-50E6-442F-9E95-0B749A1A9015}.Release|x86.ActiveCfg = Release|Any CPU
		{129219A3-50E6-442F-9E95-0B749A1A9015}.Release|x86.Build.0 = Release|Any CPU
		{CC582D6E-1A78-450D-9130-4FEDF234D74D}.Debug|Any CPU.ActiveCfg = Debug|Any CPU
		{CC582D6E-1A78-450D-9130-4FEDF234D74D}.Debug|Any CPU.Build.0 = Debug|Any CPU
		{CC582D6E-1A78-450D-9130-4FEDF234D74D}.Debug|x64.ActiveCfg = Debug|Any CPU
		{CC582D6E-1A78-450D-9130-4FEDF234D74D}.Debug|x64.Build.0 = Debug|Any CPU
		{CC582D6E-1A78-450D-9130-4FEDF234D74D}.Debug|x86.ActiveCfg = Debug|Any CPU
		{CC582D6E-1A78-450D-9130-4FEDF234D74D}.Debug|x86.Build.0 = Debug|Any CPU
		{CC582D6E-1A78-450D-9130-4FEDF234D74D}.Release|Any CPU.ActiveCfg = Release|Any CPU
		{CC582D6E-1A78-450D-9130-4FEDF234D74D}.Release|Any CPU.Build.0 = Release|Any CPU
		{CC582D6E-1A78-450D-9130-4FEDF234D74D}.Release|x64.ActiveCfg = Release|Any CPU
		{CC582D6E-1A78-450D-9130-4FEDF234D74D}.Release|x64.Build.0 = Release|Any CPU
		{CC582D6E-1A78-450D-9130-4FEDF234D74D}.Release|x86.ActiveCfg = Release|Any CPU
		{CC582D6E-1A78-450D-9130-4FEDF234D74D}.Release|x86.Build.0 = Release|Any CPU
		{6AE02378-2595-4C9D-8D99-B89A0682FBBA}.Debug|Any CPU.ActiveCfg = Debug|Any CPU
		{6AE02378-2595-4C9D-8D99-B89A0682FBBA}.Debug|Any CPU.Build.0 = Debug|Any CPU
		{6AE02378-2595-4C9D-8D99-B89A0682FBBA}.Debug|x64.ActiveCfg = Debug|Any CPU
		{6AE02378-2595-4C9D-8D99-B89A0682FBBA}.Debug|x64.Build.0 = Debug|Any CPU
		{6AE02378-2595-4C9D-8D99-B89A0682FBBA}.Debug|x86.ActiveCfg = Debug|Any CPU
		{6AE02378-2595-4C9D-8D99-B89A0682FBBA}.Debug|x86.Build.0 = Debug|Any CPU
		{6AE02378-2595-4C9D-8D99-B89A0682FBBA}.Release|Any CPU.ActiveCfg = Release|Any CPU
		{6AE02378-2595-4C9D-8D99-B89A0682FBBA}.Release|Any CPU.Build.0 = Release|Any CPU
		{6AE02378-2595-4C9D-8D99-B89A0682FBBA}.Release|x64.ActiveCfg = Release|Any CPU
		{6AE02378-2595-4C9D-8D99-B89A0682FBBA}.Release|x64.Build.0 = Release|Any CPU
		{6AE02378-2595-4C9D-8D99-B89A0682FBBA}.Release|x86.ActiveCfg = Release|Any CPU
		{6AE02378-2595-4C9D-8D99-B89A0682FBBA}.Release|x86.Build.0 = Release|Any CPU
		{83E6A1F8-CF6F-4411-A27B-81CE97294076}.Debug|Any CPU.ActiveCfg = Debug|Any CPU
		{83E6A1F8-CF6F-4411-A27B-81CE97294076}.Debug|Any CPU.Build.0 = Debug|Any CPU
		{83E6A1F8-CF6F-4411-A27B-81CE97294076}.Debug|x64.ActiveCfg = Debug|Any CPU
		{83E6A1F8-CF6F-4411-A27B-81CE97294076}.Debug|x64.Build.0 = Debug|Any CPU
		{83E6A1F8-CF6F-4411-A27B-81CE97294076}.Debug|x86.ActiveCfg = Debug|Any CPU
		{83E6A1F8-CF6F-4411-A27B-81CE97294076}.Debug|x86.Build.0 = Debug|Any CPU
		{83E6A1F8-CF6F-4411-A27B-81CE97294076}.Release|Any CPU.ActiveCfg = Release|Any CPU
		{83E6A1F8-CF6F-4411-A27B-81CE97294076}.Release|Any CPU.Build.0 = Release|Any CPU
		{83E6A1F8-CF6F-4411-A27B-81CE97294076}.Release|x64.ActiveCfg = Release|Any CPU
		{83E6A1F8-CF6F-4411-A27B-81CE97294076}.Release|x64.Build.0 = Release|Any CPU
		{83E6A1F8-CF6F-4411-A27B-81CE97294076}.Release|x86.ActiveCfg = Release|Any CPU
		{83E6A1F8-CF6F-4411-A27B-81CE97294076}.Release|x86.Build.0 = Release|Any CPU
		{17E04FC2-7539-4CF1-A8CB-5AD4F4938E1C}.Debug|Any CPU.ActiveCfg = Debug|Any CPU
		{17E04FC2-7539-4CF1-A8CB-5AD4F4938E1C}.Debug|Any CPU.Build.0 = Debug|Any CPU
		{17E04FC2-7539-4CF1-A8CB-5AD4F4938E1C}.Debug|x64.ActiveCfg = Debug|Any CPU
		{17E04FC2-7539-4CF1-A8CB-5AD4F4938E1C}.Debug|x64.Build.0 = Debug|Any CPU
		{17E04FC2-7539-4CF1-A8CB-5AD4F4938E1C}.Debug|x86.ActiveCfg = Debug|Any CPU
		{17E04FC2-7539-4CF1-A8CB-5AD4F4938E1C}.Debug|x86.Build.0 = Debug|Any CPU
		{17E04FC2-7539-4CF1-A8CB-5AD4F4938E1C}.Release|Any CPU.ActiveCfg = Release|Any CPU
		{17E04FC2-7539-4CF1-A8CB-5AD4F4938E1C}.Release|Any CPU.Build.0 = Release|Any CPU
		{17E04FC2-7539-4CF1-A8CB-5AD4F4938E1C}.Release|x64.ActiveCfg = Release|Any CPU
		{17E04FC2-7539-4CF1-A8CB-5AD4F4938E1C}.Release|x64.Build.0 = Release|Any CPU
		{17E04FC2-7539-4CF1-A8CB-5AD4F4938E1C}.Release|x86.ActiveCfg = Release|Any CPU
		{17E04FC2-7539-4CF1-A8CB-5AD4F4938E1C}.Release|x86.Build.0 = Release|Any CPU
	EndGlobalSection
	GlobalSection(SolutionProperties) = preSolution
		HideSolutionNode = FALSE
	EndGlobalSection
	GlobalSection(NestedProjects) = preSolution
		{11D33C42-93E4-4C71-A08A-8C22588CBD89} = {41087CA0-7A11-4D98-B1C2-9F2E284B3B32}
		{C3A25174-A9FB-4F28-A34A-ABA57DA30E12} = {41087CA0-7A11-4D98-B1C2-9F2E284B3B32}
		{129219A3-50E6-442F-9E95-0B749A1A9015} = {41087CA0-7A11-4D98-B1C2-9F2E284B3B32}
		{6AE02378-2595-4C9D-8D99-B89A0682FBBA} = {41087CA0-7A11-4D98-B1C2-9F2E284B3B32}
		{17E04FC2-7539-4CF1-A8CB-5AD4F4938E1C} = {41087CA0-7A11-4D98-B1C2-9F2E284B3B32}
	EndGlobalSection
	GlobalSection(ExtensibilityGlobals) = postSolution
		SolutionGuid = {11FA0035-E8FB-4506-88C3-94AEAE002C5B}
	EndGlobalSection
EndGlobal
