Microsoft Visual Studio Solution File, Format Version 12.00
# Visual Studio Version 16
VisualStudioVersion = 16.0.29920.165
MinimumVisualStudioVersion = 15.0.26124.0
Project("{9A19103F-16F7-4668-BE54-9A1E7A4F7556}") = "Scratch", "InterviewCake.Scratch\Scratch.csproj", "{F0A98228-556F-4235-AC25-CA56F18851F8}"
EndProject
Project("{9A19103F-16F7-4668-BE54-9A1E7A4F7556}") = "Arrays.Tests", "Tests\LeetCode.Tests\Arrays.Tests.csproj", "{C3A25174-A9FB-4F28-A34A-ABA57DA30E12}"
EndProject
Project("{2150E333-8FDC-42A3-9474-1A3956D46DE8}") = "Tests", "Tests", "{41087CA0-7A11-4D98-B1C2-9F2E284B3B32}"
EndProject
Project("{9A19103F-16F7-4668-BE54-9A1E7A4F7556}") = "BitManipulation", "BitManipulation\BitManipulation.csproj", "{E8506468-A5D2-44EA-83B7-AE0CE457550D}"
EndProject
Project("{9A19103F-16F7-4668-BE54-9A1E7A4F7556}") = "BitManipulation.Tests", "Tests\BitManipulation.Tests\BitManipulation.Tests.csproj", "{129219A3-50E6-442F-9E95-0B749A1A9015}"
EndProject
Project("{9A19103F-16F7-4668-BE54-9A1E7A4F7556}") = "LinkedLists", "LinkedLists\LinkedLists.csproj", "{83E6A1F8-CF6F-4411-A27B-81CE97294076}"
EndProject
Project("{9A19103F-16F7-4668-BE54-9A1E7A4F7556}") = "LinkedLists.Tests", "Tests\LinkedLists.Tests\LinkedLists.Tests.csproj", "{17E04FC2-7539-4CF1-A8CB-5AD4F4938E1C}"
EndProject
Project("{9A19103F-16F7-4668-BE54-9A1E7A4F7556}") = "Trees", "Trees\Trees.csproj", "{5C1C2578-3032-48E1-B8D3-F6EA833FEDE0}"
EndProject
Project("{9A19103F-16F7-4668-BE54-9A1E7A4F7556}") = "Trees.Tests", "Tests\Trees.Tests\Trees.Tests.csproj", "{42A98680-F408-480A-95FF-596C386DBA3B}"
EndProject
Project("{9A19103F-16F7-4668-BE54-9A1E7A4F7556}") = "Matrixes", "Matrixes\Matrixes.csproj", "{C0BB5FC5-EBE0-4F88-91C0-D492291659AB}"
EndProject
Project("{9A19103F-16F7-4668-BE54-9A1E7A4F7556}") = "Stacks.Tests", "Tests\Stacks.Tests\Stacks.Tests.csproj", "{5D24EE9D-2ADA-4525-BCE7-341B209C32F5}"
EndProject
Project("{9A19103F-16F7-4668-BE54-9A1E7A4F7556}") = "Matrixes.Tests", "Tests\Matrixes.Tests\Matrixes.Tests.csproj", "{1FA453C0-916C-4E62-A873-8EE3BFBBAF6B}"
EndProject
Project("{9A19103F-16F7-4668-BE54-9A1E7A4F7556}") = "Stacks", "Stacks\Stacks.csproj", "{EAFCD21C-066B-4BDF-AE3D-3F8709DBBED6}"
EndProject
Project("{9A19103F-16F7-4668-BE54-9A1E7A4F7556}") = "Arrays", "Arrays\Arrays.csproj", "{5842220C-FE3E-4A6B-9885-5F100FEFF29F}"
EndProject
Project("{9A19103F-16F7-4668-BE54-9A1E7A4F7556}") = "DynamicProgramming", "DynamicProgramming\DynamicProgramming.csproj", "{018377D2-B1F4-40C8-9B68-F677AB15476D}"
EndProject
Project("{9A19103F-16F7-4668-BE54-9A1E7A4F7556}") = "DynamicProgramming.Tests", "Tests\DynamicProgramming.Tests\DynamicProgramming.Tests.csproj", "{DB820305-C80D-4A7F-8F49-286D35828F98}"
EndProject
Project("{9A19103F-16F7-4668-BE54-9A1E7A4F7556}") = "Recursion", "Recursion\Recursion.csproj", "{57720E41-A8AB-4AAE-ADFA-63F6D49EB3DC}"
EndProject
Project("{9A19103F-16F7-4668-BE54-9A1E7A4F7556}") = "Recursion.Tests", "Tests\Recursion.Tests\Recursion.Tests.csproj", "{5EE52852-B963-4CF1-8486-5A508AEEEA5D}"
EndProject
Project("{9A19103F-16F7-4668-BE54-9A1E7A4F7556}") = "Design", "Design\Design.csproj", "{17475FC6-B4E2-47BF-BF1C-FC2F31B25BEF}"
EndProject
Project("{9A19103F-16F7-4668-BE54-9A1E7A4F7556}") = "Design.Tests", "Tests\Design.Tests\Design.Tests.csproj", "{71BA288E-C51A-407C-9AAB-9032DB27AD88}"
EndProject
Project("{9A19103F-16F7-4668-BE54-9A1E7A4F7556}") = "Scratch.Tests", "Tests\Scratch.Tests\Scratch.Tests.csproj", "{4918F100-79DC-41E3-82F2-D6912F11ED67}"
EndProject
Project("{9A19103F-16F7-4668-BE54-9A1E7A4F7556}") = "Greedy", "Greedy\Greedy.csproj", "{CB302A28-8B3B-4106-B7F1-BA9D757A4445}"
EndProject
Project("{9A19103F-16F7-4668-BE54-9A1E7A4F7556}") = "Greedy.Tests", "Tests\Greedy.Tests\Greedy.Tests.csproj", "{24C11C89-7183-4241-B78D-D60D8E4DA969}"
EndProject
Global
	GlobalSection(SolutionConfigurationPlatforms) = preSolution
		Debug|Any CPU = Debug|Any CPU
		Debug|x64 = Debug|x64
		Debug|x86 = Debug|x86
		Release|Any CPU = Release|Any CPU
		Release|x64 = Release|x64
		Release|x86 = Release|x86
	EndGlobalSection
	GlobalSection(ProjectConfigurationPlatforms) = postSolution
		{F0A98228-556F-4235-AC25-CA56F18851F8}.Debug|Any CPU.ActiveCfg = Debug|Any CPU
		{F0A98228-556F-4235-AC25-CA56F18851F8}.Debug|Any CPU.Build.0 = Debug|Any CPU
		{F0A98228-556F-4235-AC25-CA56F18851F8}.Debug|x64.ActiveCfg = Debug|Any CPU
		{F0A98228-556F-4235-AC25-CA56F18851F8}.Debug|x64.Build.0 = Debug|Any CPU
		{F0A98228-556F-4235-AC25-CA56F18851F8}.Debug|x86.ActiveCfg = Debug|Any CPU
		{F0A98228-556F-4235-AC25-CA56F18851F8}.Debug|x86.Build.0 = Debug|Any CPU
		{F0A98228-556F-4235-AC25-CA56F18851F8}.Release|Any CPU.ActiveCfg = Release|Any CPU
		{F0A98228-556F-4235-AC25-CA56F18851F8}.Release|Any CPU.Build.0 = Release|Any CPU
		{F0A98228-556F-4235-AC25-CA56F18851F8}.Release|x64.ActiveCfg = Release|Any CPU
		{F0A98228-556F-4235-AC25-CA56F18851F8}.Release|x64.Build.0 = Release|Any CPU
		{F0A98228-556F-4235-AC25-CA56F18851F8}.Release|x86.ActiveCfg = Release|Any CPU
		{F0A98228-556F-4235-AC25-CA56F18851F8}.Release|x86.Build.0 = Release|Any CPU
		{C3A25174-A9FB-4F28-A34A-ABA57DA30E12}.Debug|Any CPU.ActiveCfg = Debug|Any CPU
		{C3A25174-A9FB-4F28-A34A-ABA57DA30E12}.Debug|Any CPU.Build.0 = Debug|Any CPU
		{C3A25174-A9FB-4F28-A34A-ABA57DA30E12}.Debug|x64.ActiveCfg = Debug|Any CPU
		{C3A25174-A9FB-4F28-A34A-ABA57DA30E12}.Debug|x64.Build.0 = Debug|Any CPU
		{C3A25174-A9FB-4F28-A34A-ABA57DA30E12}.Debug|x86.ActiveCfg = Debug|Any CPU
		{C3A25174-A9FB-4F28-A34A-ABA57DA30E12}.Debug|x86.Build.0 = Debug|Any CPU
		{C3A25174-A9FB-4F28-A34A-ABA57DA30E12}.Release|Any CPU.ActiveCfg = Release|Any CPU
		{C3A25174-A9FB-4F28-A34A-ABA57DA30E12}.Release|Any CPU.Build.0 = Release|Any CPU
		{C3A25174-A9FB-4F28-A34A-ABA57DA30E12}.Release|x64.ActiveCfg = Release|Any CPU
		{C3A25174-A9FB-4F28-A34A-ABA57DA30E12}.Release|x64.Build.0 = Release|Any CPU
		{C3A25174-A9FB-4F28-A34A-ABA57DA30E12}.Release|x86.ActiveCfg = Release|Any CPU
		{C3A25174-A9FB-4F28-A34A-ABA57DA30E12}.Release|x86.Build.0 = Release|Any CPU
		{E8506468-A5D2-44EA-83B7-AE0CE457550D}.Debug|Any CPU.ActiveCfg = Debug|Any CPU
		{E8506468-A5D2-44EA-83B7-AE0CE457550D}.Debug|Any CPU.Build.0 = Debug|Any CPU
		{E8506468-A5D2-44EA-83B7-AE0CE457550D}.Debug|x64.ActiveCfg = Debug|Any CPU
		{E8506468-A5D2-44EA-83B7-AE0CE457550D}.Debug|x64.Build.0 = Debug|Any CPU
		{E8506468-A5D2-44EA-83B7-AE0CE457550D}.Debug|x86.ActiveCfg = Debug|Any CPU
		{E8506468-A5D2-44EA-83B7-AE0CE457550D}.Debug|x86.Build.0 = Debug|Any CPU
		{E8506468-A5D2-44EA-83B7-AE0CE457550D}.Release|Any CPU.ActiveCfg = Release|Any CPU
		{E8506468-A5D2-44EA-83B7-AE0CE457550D}.Release|Any CPU.Build.0 = Release|Any CPU
		{E8506468-A5D2-44EA-83B7-AE0CE457550D}.Release|x64.ActiveCfg = Release|Any CPU
		{E8506468-A5D2-44EA-83B7-AE0CE457550D}.Release|x64.Build.0 = Release|Any CPU
		{E8506468-A5D2-44EA-83B7-AE0CE457550D}.Release|x86.ActiveCfg = Release|Any CPU
		{E8506468-A5D2-44EA-83B7-AE0CE457550D}.Release|x86.Build.0 = Release|Any CPU
		{129219A3-50E6-442F-9E95-0B749A1A9015}.Debug|Any CPU.ActiveCfg = Debug|Any CPU
		{129219A3-50E6-442F-9E95-0B749A1A9015}.Debug|Any CPU.Build.0 = Debug|Any CPU
		{129219A3-50E6-442F-9E95-0B749A1A9015}.Debug|x64.ActiveCfg = Debug|Any CPU
		{129219A3-50E6-442F-9E95-0B749A1A9015}.Debug|x64.Build.0 = Debug|Any CPU
		{129219A3-50E6-442F-9E95-0B749A1A9015}.Debug|x86.ActiveCfg = Debug|Any CPU
		{129219A3-50E6-442F-9E95-0B749A1A9015}.Debug|x86.Build.0 = Debug|Any CPU
		{129219A3-50E6-442F-9E95-0B749A1A9015}.Release|Any CPU.ActiveCfg = Release|Any CPU
		{129219A3-50E6-442F-9E95-0B749A1A9015}.Release|Any CPU.Build.0 = Release|Any CPU
		{129219A3-50E6-442F-9E95-0B749A1A9015}.Release|x64.ActiveCfg = Release|Any CPU
		{129219A3-50E6-442F-9E95-0B749A1A9015}.Release|x64.Build.0 = Release|Any CPU
		{129219A3-50E6-442F-9E95-0B749A1A9015}.Release|x86.ActiveCfg = Release|Any CPU
		{129219A3-50E6-442F-9E95-0B749A1A9015}.Release|x86.Build.0 = Release|Any CPU
		{83E6A1F8-CF6F-4411-A27B-81CE97294076}.Debug|Any CPU.ActiveCfg = Debug|Any CPU
		{83E6A1F8-CF6F-4411-A27B-81CE97294076}.Debug|Any CPU.Build.0 = Debug|Any CPU
		{83E6A1F8-CF6F-4411-A27B-81CE97294076}.Debug|x64.ActiveCfg = Debug|Any CPU
		{83E6A1F8-CF6F-4411-A27B-81CE97294076}.Debug|x64.Build.0 = Debug|Any CPU
		{83E6A1F8-CF6F-4411-A27B-81CE97294076}.Debug|x86.ActiveCfg = Debug|Any CPU
		{83E6A1F8-CF6F-4411-A27B-81CE97294076}.Debug|x86.Build.0 = Debug|Any CPU
		{83E6A1F8-CF6F-4411-A27B-81CE97294076}.Release|Any CPU.ActiveCfg = Release|Any CPU
		{83E6A1F8-CF6F-4411-A27B-81CE97294076}.Release|Any CPU.Build.0 = Release|Any CPU
		{83E6A1F8-CF6F-4411-A27B-81CE97294076}.Release|x64.ActiveCfg = Release|Any CPU
		{83E6A1F8-CF6F-4411-A27B-81CE97294076}.Release|x64.Build.0 = Release|Any CPU
		{83E6A1F8-CF6F-4411-A27B-81CE97294076}.Release|x86.ActiveCfg = Release|Any CPU
		{83E6A1F8-CF6F-4411-A27B-81CE97294076}.Release|x86.Build.0 = Release|Any CPU
		{17E04FC2-7539-4CF1-A8CB-5AD4F4938E1C}.Debug|Any CPU.ActiveCfg = Debug|Any CPU
		{17E04FC2-7539-4CF1-A8CB-5AD4F4938E1C}.Debug|Any CPU.Build.0 = Debug|Any CPU
		{17E04FC2-7539-4CF1-A8CB-5AD4F4938E1C}.Debug|x64.ActiveCfg = Debug|Any CPU
		{17E04FC2-7539-4CF1-A8CB-5AD4F4938E1C}.Debug|x64.Build.0 = Debug|Any CPU
		{17E04FC2-7539-4CF1-A8CB-5AD4F4938E1C}.Debug|x86.ActiveCfg = Debug|Any CPU
		{17E04FC2-7539-4CF1-A8CB-5AD4F4938E1C}.Debug|x86.Build.0 = Debug|Any CPU
		{17E04FC2-7539-4CF1-A8CB-5AD4F4938E1C}.Release|Any CPU.ActiveCfg = Release|Any CPU
		{17E04FC2-7539-4CF1-A8CB-5AD4F4938E1C}.Release|Any CPU.Build.0 = Release|Any CPU
		{17E04FC2-7539-4CF1-A8CB-5AD4F4938E1C}.Release|x64.ActiveCfg = Release|Any CPU
		{17E04FC2-7539-4CF1-A8CB-5AD4F4938E1C}.Release|x64.Build.0 = Release|Any CPU
		{17E04FC2-7539-4CF1-A8CB-5AD4F4938E1C}.Release|x86.ActiveCfg = Release|Any CPU
		{17E04FC2-7539-4CF1-A8CB-5AD4F4938E1C}.Release|x86.Build.0 = Release|Any CPU
		{5C1C2578-3032-48E1-B8D3-F6EA833FEDE0}.Debug|Any CPU.ActiveCfg = Debug|Any CPU
		{5C1C2578-3032-48E1-B8D3-F6EA833FEDE0}.Debug|Any CPU.Build.0 = Debug|Any CPU
		{5C1C2578-3032-48E1-B8D3-F6EA833FEDE0}.Debug|x64.ActiveCfg = Debug|Any CPU
		{5C1C2578-3032-48E1-B8D3-F6EA833FEDE0}.Debug|x64.Build.0 = Debug|Any CPU
		{5C1C2578-3032-48E1-B8D3-F6EA833FEDE0}.Debug|x86.ActiveCfg = Debug|Any CPU
		{5C1C2578-3032-48E1-B8D3-F6EA833FEDE0}.Debug|x86.Build.0 = Debug|Any CPU
		{5C1C2578-3032-48E1-B8D3-F6EA833FEDE0}.Release|Any CPU.ActiveCfg = Release|Any CPU
		{5C1C2578-3032-48E1-B8D3-F6EA833FEDE0}.Release|Any CPU.Build.0 = Release|Any CPU
		{5C1C2578-3032-48E1-B8D3-F6EA833FEDE0}.Release|x64.ActiveCfg = Release|Any CPU
		{5C1C2578-3032-48E1-B8D3-F6EA833FEDE0}.Release|x64.Build.0 = Release|Any CPU
		{5C1C2578-3032-48E1-B8D3-F6EA833FEDE0}.Release|x86.ActiveCfg = Release|Any CPU
		{5C1C2578-3032-48E1-B8D3-F6EA833FEDE0}.Release|x86.Build.0 = Release|Any CPU
		{42A98680-F408-480A-95FF-596C386DBA3B}.Debug|Any CPU.ActiveCfg = Debug|Any CPU
		{42A98680-F408-480A-95FF-596C386DBA3B}.Debug|Any CPU.Build.0 = Debug|Any CPU
		{42A98680-F408-480A-95FF-596C386DBA3B}.Debug|x64.ActiveCfg = Debug|Any CPU
		{42A98680-F408-480A-95FF-596C386DBA3B}.Debug|x64.Build.0 = Debug|Any CPU
		{42A98680-F408-480A-95FF-596C386DBA3B}.Debug|x86.ActiveCfg = Debug|Any CPU
		{42A98680-F408-480A-95FF-596C386DBA3B}.Debug|x86.Build.0 = Debug|Any CPU
		{42A98680-F408-480A-95FF-596C386DBA3B}.Release|Any CPU.ActiveCfg = Release|Any CPU
		{42A98680-F408-480A-95FF-596C386DBA3B}.Release|Any CPU.Build.0 = Release|Any CPU
		{42A98680-F408-480A-95FF-596C386DBA3B}.Release|x64.ActiveCfg = Release|Any CPU
		{42A98680-F408-480A-95FF-596C386DBA3B}.Release|x64.Build.0 = Release|Any CPU
		{42A98680-F408-480A-95FF-596C386DBA3B}.Release|x86.ActiveCfg = Release|Any CPU
		{42A98680-F408-480A-95FF-596C386DBA3B}.Release|x86.Build.0 = Release|Any CPU
		{C0BB5FC5-EBE0-4F88-91C0-D492291659AB}.Debug|Any CPU.ActiveCfg = Debug|Any CPU
		{C0BB5FC5-EBE0-4F88-91C0-D492291659AB}.Debug|Any CPU.Build.0 = Debug|Any CPU
		{C0BB5FC5-EBE0-4F88-91C0-D492291659AB}.Debug|x64.ActiveCfg = Debug|Any CPU
		{C0BB5FC5-EBE0-4F88-91C0-D492291659AB}.Debug|x64.Build.0 = Debug|Any CPU
		{C0BB5FC5-EBE0-4F88-91C0-D492291659AB}.Debug|x86.ActiveCfg = Debug|Any CPU
		{C0BB5FC5-EBE0-4F88-91C0-D492291659AB}.Debug|x86.Build.0 = Debug|Any CPU
		{C0BB5FC5-EBE0-4F88-91C0-D492291659AB}.Release|Any CPU.ActiveCfg = Release|Any CPU
		{C0BB5FC5-EBE0-4F88-91C0-D492291659AB}.Release|Any CPU.Build.0 = Release|Any CPU
		{C0BB5FC5-EBE0-4F88-91C0-D492291659AB}.Release|x64.ActiveCfg = Release|Any CPU
		{C0BB5FC5-EBE0-4F88-91C0-D492291659AB}.Release|x64.Build.0 = Release|Any CPU
		{C0BB5FC5-EBE0-4F88-91C0-D492291659AB}.Release|x86.ActiveCfg = Release|Any CPU
		{C0BB5FC5-EBE0-4F88-91C0-D492291659AB}.Release|x86.Build.0 = Release|Any CPU
		{5D24EE9D-2ADA-4525-BCE7-341B209C32F5}.Debug|Any CPU.ActiveCfg = Debug|Any CPU
		{5D24EE9D-2ADA-4525-BCE7-341B209C32F5}.Debug|Any CPU.Build.0 = Debug|Any CPU
		{5D24EE9D-2ADA-4525-BCE7-341B209C32F5}.Debug|x64.ActiveCfg = Debug|Any CPU
		{5D24EE9D-2ADA-4525-BCE7-341B209C32F5}.Debug|x64.Build.0 = Debug|Any CPU
		{5D24EE9D-2ADA-4525-BCE7-341B209C32F5}.Debug|x86.ActiveCfg = Debug|Any CPU
		{5D24EE9D-2ADA-4525-BCE7-341B209C32F5}.Debug|x86.Build.0 = Debug|Any CPU
		{5D24EE9D-2ADA-4525-BCE7-341B209C32F5}.Release|Any CPU.ActiveCfg = Release|Any CPU
		{5D24EE9D-2ADA-4525-BCE7-341B209C32F5}.Release|Any CPU.Build.0 = Release|Any CPU
		{5D24EE9D-2ADA-4525-BCE7-341B209C32F5}.Release|x64.ActiveCfg = Release|Any CPU
		{5D24EE9D-2ADA-4525-BCE7-341B209C32F5}.Release|x64.Build.0 = Release|Any CPU
		{5D24EE9D-2ADA-4525-BCE7-341B209C32F5}.Release|x86.ActiveCfg = Release|Any CPU
		{5D24EE9D-2ADA-4525-BCE7-341B209C32F5}.Release|x86.Build.0 = Release|Any CPU
		{1FA453C0-916C-4E62-A873-8EE3BFBBAF6B}.Debug|Any CPU.ActiveCfg = Debug|Any CPU
		{1FA453C0-916C-4E62-A873-8EE3BFBBAF6B}.Debug|Any CPU.Build.0 = Debug|Any CPU
		{1FA453C0-916C-4E62-A873-8EE3BFBBAF6B}.Debug|x64.ActiveCfg = Debug|Any CPU
		{1FA453C0-916C-4E62-A873-8EE3BFBBAF6B}.Debug|x64.Build.0 = Debug|Any CPU
		{1FA453C0-916C-4E62-A873-8EE3BFBBAF6B}.Debug|x86.ActiveCfg = Debug|Any CPU
		{1FA453C0-916C-4E62-A873-8EE3BFBBAF6B}.Debug|x86.Build.0 = Debug|Any CPU
		{1FA453C0-916C-4E62-A873-8EE3BFBBAF6B}.Release|Any CPU.ActiveCfg = Release|Any CPU
		{1FA453C0-916C-4E62-A873-8EE3BFBBAF6B}.Release|Any CPU.Build.0 = Release|Any CPU
		{1FA453C0-916C-4E62-A873-8EE3BFBBAF6B}.Release|x64.ActiveCfg = Release|Any CPU
		{1FA453C0-916C-4E62-A873-8EE3BFBBAF6B}.Release|x64.Build.0 = Release|Any CPU
		{1FA453C0-916C-4E62-A873-8EE3BFBBAF6B}.Release|x86.ActiveCfg = Release|Any CPU
		{1FA453C0-916C-4E62-A873-8EE3BFBBAF6B}.Release|x86.Build.0 = Release|Any CPU
		{EAFCD21C-066B-4BDF-AE3D-3F8709DBBED6}.Debug|Any CPU.ActiveCfg = Debug|Any CPU
		{EAFCD21C-066B-4BDF-AE3D-3F8709DBBED6}.Debug|Any CPU.Build.0 = Debug|Any CPU
		{EAFCD21C-066B-4BDF-AE3D-3F8709DBBED6}.Debug|x64.ActiveCfg = Debug|Any CPU
		{EAFCD21C-066B-4BDF-AE3D-3F8709DBBED6}.Debug|x64.Build.0 = Debug|Any CPU
		{EAFCD21C-066B-4BDF-AE3D-3F8709DBBED6}.Debug|x86.ActiveCfg = Debug|Any CPU
		{EAFCD21C-066B-4BDF-AE3D-3F8709DBBED6}.Debug|x86.Build.0 = Debug|Any CPU
		{EAFCD21C-066B-4BDF-AE3D-3F8709DBBED6}.Release|Any CPU.ActiveCfg = Release|Any CPU
		{EAFCD21C-066B-4BDF-AE3D-3F8709DBBED6}.Release|Any CPU.Build.0 = Release|Any CPU
		{EAFCD21C-066B-4BDF-AE3D-3F8709DBBED6}.Release|x64.ActiveCfg = Release|Any CPU
		{EAFCD21C-066B-4BDF-AE3D-3F8709DBBED6}.Release|x64.Build.0 = Release|Any CPU
		{EAFCD21C-066B-4BDF-AE3D-3F8709DBBED6}.Release|x86.ActiveCfg = Release|Any CPU
		{EAFCD21C-066B-4BDF-AE3D-3F8709DBBED6}.Release|x86.Build.0 = Release|Any CPU
		{5842220C-FE3E-4A6B-9885-5F100FEFF29F}.Debug|Any CPU.ActiveCfg = Debug|Any CPU
		{5842220C-FE3E-4A6B-9885-5F100FEFF29F}.Debug|Any CPU.Build.0 = Debug|Any CPU
		{5842220C-FE3E-4A6B-9885-5F100FEFF29F}.Debug|x64.ActiveCfg = Debug|Any CPU
		{5842220C-FE3E-4A6B-9885-5F100FEFF29F}.Debug|x64.Build.0 = Debug|Any CPU
		{5842220C-FE3E-4A6B-9885-5F100FEFF29F}.Debug|x86.ActiveCfg = Debug|Any CPU
		{5842220C-FE3E-4A6B-9885-5F100FEFF29F}.Debug|x86.Build.0 = Debug|Any CPU
		{5842220C-FE3E-4A6B-9885-5F100FEFF29F}.Release|Any CPU.ActiveCfg = Release|Any CPU
		{5842220C-FE3E-4A6B-9885-5F100FEFF29F}.Release|Any CPU.Build.0 = Release|Any CPU
		{5842220C-FE3E-4A6B-9885-5F100FEFF29F}.Release|x64.ActiveCfg = Release|Any CPU
		{5842220C-FE3E-4A6B-9885-5F100FEFF29F}.Release|x64.Build.0 = Release|Any CPU
		{5842220C-FE3E-4A6B-9885-5F100FEFF29F}.Release|x86.ActiveCfg = Release|Any CPU
		{5842220C-FE3E-4A6B-9885-5F100FEFF29F}.Release|x86.Build.0 = Release|Any CPU
		{018377D2-B1F4-40C8-9B68-F677AB15476D}.Debug|Any CPU.ActiveCfg = Debug|Any CPU
		{018377D2-B1F4-40C8-9B68-F677AB15476D}.Debug|Any CPU.Build.0 = Debug|Any CPU
		{018377D2-B1F4-40C8-9B68-F677AB15476D}.Debug|x64.ActiveCfg = Debug|Any CPU
		{018377D2-B1F4-40C8-9B68-F677AB15476D}.Debug|x64.Build.0 = Debug|Any CPU
		{018377D2-B1F4-40C8-9B68-F677AB15476D}.Debug|x86.ActiveCfg = Debug|Any CPU
		{018377D2-B1F4-40C8-9B68-F677AB15476D}.Debug|x86.Build.0 = Debug|Any CPU
		{018377D2-B1F4-40C8-9B68-F677AB15476D}.Release|Any CPU.ActiveCfg = Release|Any CPU
		{018377D2-B1F4-40C8-9B68-F677AB15476D}.Release|Any CPU.Build.0 = Release|Any CPU
		{018377D2-B1F4-40C8-9B68-F677AB15476D}.Release|x64.ActiveCfg = Release|Any CPU
		{018377D2-B1F4-40C8-9B68-F677AB15476D}.Release|x64.Build.0 = Release|Any CPU
		{018377D2-B1F4-40C8-9B68-F677AB15476D}.Release|x86.ActiveCfg = Release|Any CPU
		{018377D2-B1F4-40C8-9B68-F677AB15476D}.Release|x86.Build.0 = Release|Any CPU
		{DB820305-C80D-4A7F-8F49-286D35828F98}.Debug|Any CPU.ActiveCfg = Debug|Any CPU
		{DB820305-C80D-4A7F-8F49-286D35828F98}.Debug|Any CPU.Build.0 = Debug|Any CPU
		{DB820305-C80D-4A7F-8F49-286D35828F98}.Debug|x64.ActiveCfg = Debug|Any CPU
		{DB820305-C80D-4A7F-8F49-286D35828F98}.Debug|x64.Build.0 = Debug|Any CPU
		{DB820305-C80D-4A7F-8F49-286D35828F98}.Debug|x86.ActiveCfg = Debug|Any CPU
		{DB820305-C80D-4A7F-8F49-286D35828F98}.Debug|x86.Build.0 = Debug|Any CPU
		{DB820305-C80D-4A7F-8F49-286D35828F98}.Release|Any CPU.ActiveCfg = Release|Any CPU
		{DB820305-C80D-4A7F-8F49-286D35828F98}.Release|Any CPU.Build.0 = Release|Any CPU
		{DB820305-C80D-4A7F-8F49-286D35828F98}.Release|x64.ActiveCfg = Release|Any CPU
		{DB820305-C80D-4A7F-8F49-286D35828F98}.Release|x64.Build.0 = Release|Any CPU
		{DB820305-C80D-4A7F-8F49-286D35828F98}.Release|x86.ActiveCfg = Release|Any CPU
		{DB820305-C80D-4A7F-8F49-286D35828F98}.Release|x86.Build.0 = Release|Any CPU
		{57720E41-A8AB-4AAE-ADFA-63F6D49EB3DC}.Debug|Any CPU.ActiveCfg = Debug|Any CPU
		{57720E41-A8AB-4AAE-ADFA-63F6D49EB3DC}.Debug|Any CPU.Build.0 = Debug|Any CPU
		{57720E41-A8AB-4AAE-ADFA-63F6D49EB3DC}.Debug|x64.ActiveCfg = Debug|Any CPU
		{57720E41-A8AB-4AAE-ADFA-63F6D49EB3DC}.Debug|x64.Build.0 = Debug|Any CPU
		{57720E41-A8AB-4AAE-ADFA-63F6D49EB3DC}.Debug|x86.ActiveCfg = Debug|Any CPU
		{57720E41-A8AB-4AAE-ADFA-63F6D49EB3DC}.Debug|x86.Build.0 = Debug|Any CPU
		{57720E41-A8AB-4AAE-ADFA-63F6D49EB3DC}.Release|Any CPU.ActiveCfg = Release|Any CPU
		{57720E41-A8AB-4AAE-ADFA-63F6D49EB3DC}.Release|Any CPU.Build.0 = Release|Any CPU
		{57720E41-A8AB-4AAE-ADFA-63F6D49EB3DC}.Release|x64.ActiveCfg = Release|Any CPU
		{57720E41-A8AB-4AAE-ADFA-63F6D49EB3DC}.Release|x64.Build.0 = Release|Any CPU
		{57720E41-A8AB-4AAE-ADFA-63F6D49EB3DC}.Release|x86.ActiveCfg = Release|Any CPU
		{57720E41-A8AB-4AAE-ADFA-63F6D49EB3DC}.Release|x86.Build.0 = Release|Any CPU
		{5EE52852-B963-4CF1-8486-5A508AEEEA5D}.Debug|Any CPU.ActiveCfg = Debug|Any CPU
		{5EE52852-B963-4CF1-8486-5A508AEEEA5D}.Debug|Any CPU.Build.0 = Debug|Any CPU
		{5EE52852-B963-4CF1-8486-5A508AEEEA5D}.Debug|x64.ActiveCfg = Debug|Any CPU
		{5EE52852-B963-4CF1-8486-5A508AEEEA5D}.Debug|x64.Build.0 = Debug|Any CPU
		{5EE52852-B963-4CF1-8486-5A508AEEEA5D}.Debug|x86.ActiveCfg = Debug|Any CPU
		{5EE52852-B963-4CF1-8486-5A508AEEEA5D}.Debug|x86.Build.0 = Debug|Any CPU
		{5EE52852-B963-4CF1-8486-5A508AEEEA5D}.Release|Any CPU.ActiveCfg = Release|Any CPU
		{5EE52852-B963-4CF1-8486-5A508AEEEA5D}.Release|Any CPU.Build.0 = Release|Any CPU
		{5EE52852-B963-4CF1-8486-5A508AEEEA5D}.Release|x64.ActiveCfg = Release|Any CPU
		{5EE52852-B963-4CF1-8486-5A508AEEEA5D}.Release|x64.Build.0 = Release|Any CPU
		{5EE52852-B963-4CF1-8486-5A508AEEEA5D}.Release|x86.ActiveCfg = Release|Any CPU
		{5EE52852-B963-4CF1-8486-5A508AEEEA5D}.Release|x86.Build.0 = Release|Any CPU
		{17475FC6-B4E2-47BF-BF1C-FC2F31B25BEF}.Debug|Any CPU.ActiveCfg = Debug|Any CPU
		{17475FC6-B4E2-47BF-BF1C-FC2F31B25BEF}.Debug|Any CPU.Build.0 = Debug|Any CPU
		{17475FC6-B4E2-47BF-BF1C-FC2F31B25BEF}.Debug|x64.ActiveCfg = Debug|Any CPU
		{17475FC6-B4E2-47BF-BF1C-FC2F31B25BEF}.Debug|x64.Build.0 = Debug|Any CPU
		{17475FC6-B4E2-47BF-BF1C-FC2F31B25BEF}.Debug|x86.ActiveCfg = Debug|Any CPU
		{17475FC6-B4E2-47BF-BF1C-FC2F31B25BEF}.Debug|x86.Build.0 = Debug|Any CPU
		{17475FC6-B4E2-47BF-BF1C-FC2F31B25BEF}.Release|Any CPU.ActiveCfg = Release|Any CPU
		{17475FC6-B4E2-47BF-BF1C-FC2F31B25BEF}.Release|Any CPU.Build.0 = Release|Any CPU
		{17475FC6-B4E2-47BF-BF1C-FC2F31B25BEF}.Release|x64.ActiveCfg = Release|Any CPU
		{17475FC6-B4E2-47BF-BF1C-FC2F31B25BEF}.Release|x64.Build.0 = Release|Any CPU
		{17475FC6-B4E2-47BF-BF1C-FC2F31B25BEF}.Release|x86.ActiveCfg = Release|Any CPU
		{17475FC6-B4E2-47BF-BF1C-FC2F31B25BEF}.Release|x86.Build.0 = Release|Any CPU
		{71BA288E-C51A-407C-9AAB-9032DB27AD88}.Debug|Any CPU.ActiveCfg = Debug|Any CPU
		{71BA288E-C51A-407C-9AAB-9032DB27AD88}.Debug|Any CPU.Build.0 = Debug|Any CPU
		{71BA288E-C51A-407C-9AAB-9032DB27AD88}.Debug|x64.ActiveCfg = Debug|Any CPU
		{71BA288E-C51A-407C-9AAB-9032DB27AD88}.Debug|x64.Build.0 = Debug|Any CPU
		{71BA288E-C51A-407C-9AAB-9032DB27AD88}.Debug|x86.ActiveCfg = Debug|Any CPU
		{71BA288E-C51A-407C-9AAB-9032DB27AD88}.Debug|x86.Build.0 = Debug|Any CPU
		{71BA288E-C51A-407C-9AAB-9032DB27AD88}.Release|Any CPU.ActiveCfg = Release|Any CPU
		{71BA288E-C51A-407C-9AAB-9032DB27AD88}.Release|Any CPU.Build.0 = Release|Any CPU
		{71BA288E-C51A-407C-9AAB-9032DB27AD88}.Release|x64.ActiveCfg = Release|Any CPU
		{71BA288E-C51A-407C-9AAB-9032DB27AD88}.Release|x64.Build.0 = Release|Any CPU
		{71BA288E-C51A-407C-9AAB-9032DB27AD88}.Release|x86.ActiveCfg = Release|Any CPU
		{71BA288E-C51A-407C-9AAB-9032DB27AD88}.Release|x86.Build.0 = Release|Any CPU
		{4918F100-79DC-41E3-82F2-D6912F11ED67}.Debug|Any CPU.ActiveCfg = Debug|Any CPU
		{4918F100-79DC-41E3-82F2-D6912F11ED67}.Debug|Any CPU.Build.0 = Debug|Any CPU
		{4918F100-79DC-41E3-82F2-D6912F11ED67}.Debug|x64.ActiveCfg = Debug|Any CPU
		{4918F100-79DC-41E3-82F2-D6912F11ED67}.Debug|x64.Build.0 = Debug|Any CPU
		{4918F100-79DC-41E3-82F2-D6912F11ED67}.Debug|x86.ActiveCfg = Debug|Any CPU
		{4918F100-79DC-41E3-82F2-D6912F11ED67}.Debug|x86.Build.0 = Debug|Any CPU
		{4918F100-79DC-41E3-82F2-D6912F11ED67}.Release|Any CPU.ActiveCfg = Release|Any CPU
		{4918F100-79DC-41E3-82F2-D6912F11ED67}.Release|Any CPU.Build.0 = Release|Any CPU
		{4918F100-79DC-41E3-82F2-D6912F11ED67}.Release|x64.ActiveCfg = Release|Any CPU
		{4918F100-79DC-41E3-82F2-D6912F11ED67}.Release|x64.Build.0 = Release|Any CPU
		{4918F100-79DC-41E3-82F2-D6912F11ED67}.Release|x86.ActiveCfg = Release|Any CPU
		{4918F100-79DC-41E3-82F2-D6912F11ED67}.Release|x86.Build.0 = Release|Any CPU
		{CB302A28-8B3B-4106-B7F1-BA9D757A4445}.Debug|Any CPU.ActiveCfg = Debug|Any CPU
		{CB302A28-8B3B-4106-B7F1-BA9D757A4445}.Debug|Any CPU.Build.0 = Debug|Any CPU
		{CB302A28-8B3B-4106-B7F1-BA9D757A4445}.Debug|x64.ActiveCfg = Debug|Any CPU
		{CB302A28-8B3B-4106-B7F1-BA9D757A4445}.Debug|x64.Build.0 = Debug|Any CPU
		{CB302A28-8B3B-4106-B7F1-BA9D757A4445}.Debug|x86.ActiveCfg = Debug|Any CPU
		{CB302A28-8B3B-4106-B7F1-BA9D757A4445}.Debug|x86.Build.0 = Debug|Any CPU
		{CB302A28-8B3B-4106-B7F1-BA9D757A4445}.Release|Any CPU.ActiveCfg = Release|Any CPU
		{CB302A28-8B3B-4106-B7F1-BA9D757A4445}.Release|Any CPU.Build.0 = Release|Any CPU
		{CB302A28-8B3B-4106-B7F1-BA9D757A4445}.Release|x64.ActiveCfg = Release|Any CPU
		{CB302A28-8B3B-4106-B7F1-BA9D757A4445}.Release|x64.Build.0 = Release|Any CPU
		{CB302A28-8B3B-4106-B7F1-BA9D757A4445}.Release|x86.ActiveCfg = Release|Any CPU
		{CB302A28-8B3B-4106-B7F1-BA9D757A4445}.Release|x86.Build.0 = Release|Any CPU
		{24C11C89-7183-4241-B78D-D60D8E4DA969}.Debug|Any CPU.ActiveCfg = Debug|Any CPU
		{24C11C89-7183-4241-B78D-D60D8E4DA969}.Debug|Any CPU.Build.0 = Debug|Any CPU
		{24C11C89-7183-4241-B78D-D60D8E4DA969}.Debug|x64.ActiveCfg = Debug|Any CPU
		{24C11C89-7183-4241-B78D-D60D8E4DA969}.Debug|x64.Build.0 = Debug|Any CPU
		{24C11C89-7183-4241-B78D-D60D8E4DA969}.Debug|x86.ActiveCfg = Debug|Any CPU
		{24C11C89-7183-4241-B78D-D60D8E4DA969}.Debug|x86.Build.0 = Debug|Any CPU
		{24C11C89-7183-4241-B78D-D60D8E4DA969}.Release|Any CPU.ActiveCfg = Release|Any CPU
		{24C11C89-7183-4241-B78D-D60D8E4DA969}.Release|Any CPU.Build.0 = Release|Any CPU
		{24C11C89-7183-4241-B78D-D60D8E4DA969}.Release|x64.ActiveCfg = Release|Any CPU
		{24C11C89-7183-4241-B78D-D60D8E4DA969}.Release|x64.Build.0 = Release|Any CPU
		{24C11C89-7183-4241-B78D-D60D8E4DA969}.Release|x86.ActiveCfg = Release|Any CPU
		{24C11C89-7183-4241-B78D-D60D8E4DA969}.Release|x86.Build.0 = Release|Any CPU
	EndGlobalSection
	GlobalSection(SolutionProperties) = preSolution
		HideSolutionNode = FALSE
	EndGlobalSection
	GlobalSection(NestedProjects) = preSolution
		{C3A25174-A9FB-4F28-A34A-ABA57DA30E12} = {41087CA0-7A11-4D98-B1C2-9F2E284B3B32}
		{129219A3-50E6-442F-9E95-0B749A1A9015} = {41087CA0-7A11-4D98-B1C2-9F2E284B3B32}
		{17E04FC2-7539-4CF1-A8CB-5AD4F4938E1C} = {41087CA0-7A11-4D98-B1C2-9F2E284B3B32}
		{42A98680-F408-480A-95FF-596C386DBA3B} = {41087CA0-7A11-4D98-B1C2-9F2E284B3B32}
		{5D24EE9D-2ADA-4525-BCE7-341B209C32F5} = {41087CA0-7A11-4D98-B1C2-9F2E284B3B32}
		{1FA453C0-916C-4E62-A873-8EE3BFBBAF6B} = {41087CA0-7A11-4D98-B1C2-9F2E284B3B32}
		{DB820305-C80D-4A7F-8F49-286D35828F98} = {41087CA0-7A11-4D98-B1C2-9F2E284B3B32}
		{5EE52852-B963-4CF1-8486-5A508AEEEA5D} = {41087CA0-7A11-4D98-B1C2-9F2E284B3B32}
		{71BA288E-C51A-407C-9AAB-9032DB27AD88} = {41087CA0-7A11-4D98-B1C2-9F2E284B3B32}
		{4918F100-79DC-41E3-82F2-D6912F11ED67} = {41087CA0-7A11-4D98-B1C2-9F2E284B3B32}
		{24C11C89-7183-4241-B78D-D60D8E4DA969} = {41087CA0-7A11-4D98-B1C2-9F2E284B3B32}
	EndGlobalSection
	GlobalSection(ExtensibilityGlobals) = postSolution
		SolutionGuid = {11FA0035-E8FB-4506-88C3-94AEAE002C5B}
	EndGlobalSection
EndGlobal
